
Microsoft Visual Studio Solution File, Format Version 12.00
Project("{8BC9CEB8-8B4A-11D0-8D11-00A0C91BC942}") = "CompGrafLab2", "CompGrafLab2\CompGrafLab2.vcxproj", "{916B603C-1BD0-4FA5-9868-4E05A3744440}"
EndProject
Global
	GlobalSection(SolutionConfigurationPlatforms) = preSolution
		Debug|Any CPU = Debug|Any CPU
		Release|Any CPU = Release|Any CPU
	EndGlobalSection
	GlobalSection(ProjectConfigurationPlatforms) = postSolution
		{916B603C-1BD0-4FA5-9868-4E05A3744440}.Debug|Any CPU.ActiveCfg = Debug|Win32
		{916B603C-1BD0-4FA5-9868-4E05A3744440}.Debug|Any CPU.Build.0 = Debug|Win32
		{916B603C-1BD0-4FA5-9868-4E05A3744440}.Release|Any CPU.ActiveCfg = Release|Win32
		{916B603C-1BD0-4FA5-9868-4E05A3744440}.Release|Any CPU.Build.0 = Release|Win32
	EndGlobalSection
EndGlobal
